
Microsoft Visual Studio Solution File, Format Version 12.00
# Visual Studio Version 17
VisualStudioVersion = 17.13.35919.96 d17.13
MinimumVisualStudioVersion = 10.0.40219.1
Project("{FAE04EC0-301F-11D3-BF4B-00C04F79EFBC}") = "WebApiFacturacion", "WebApiFacturacion.csproj", "{2CCEC073-5428-4EEE-827D-C900FF0C566A}"
EndProject
Project("{FAE04EC0-301F-11D3-BF4B-00C04F79EFBC}") = "proyecto[Practica01]", "..\proyectoPractica01\proyecto[Practica01].csproj", "{2F2F697D-2AB0-EF1E-0A74-2FA50F3AAC63}"
EndProject
Global
	GlobalSection(SolutionConfigurationPlatforms) = preSolution
		Debug|Any CPU = Debug|Any CPU
		Release|Any CPU = Release|Any CPU
	EndGlobalSection
	GlobalSection(ProjectConfigurationPlatforms) = postSolution
		{2CCEC073-5428-4EEE-827D-C900FF0C566A}.Debug|Any CPU.ActiveCfg = Debug|Any CPU
		{2CCEC073-5428-4EEE-827D-C900FF0C566A}.Debug|Any CPU.Build.0 = Debug|Any CPU
		{2CCEC073-5428-4EEE-827D-C900FF0C566A}.Release|Any CPU.ActiveCfg = Release|Any CPU
		{2CCEC073-5428-4EEE-827D-C900FF0C566A}.Release|Any CPU.Build.0 = Release|Any CPU
		{2F2F697D-2AB0-EF1E-0A74-2FA50F3AAC63}.Debug|Any CPU.ActiveCfg = Debug|Any CPU
		{2F2F697D-2AB0-EF1E-0A74-2FA50F3AAC63}.Debug|Any CPU.Build.0 = Debug|Any CPU
		{2F2F697D-2AB0-EF1E-0A74-2FA50F3AAC63}.Release|Any CPU.ActiveCfg = Release|Any CPU
		{2F2F697D-2AB0-EF1E-0A74-2FA50F3AAC63}.Release|Any CPU.Build.0 = Release|Any CPU
	EndGlobalSection
	GlobalSection(SolutionProperties) = preSolution
		HideSolutionNode = FALSE
	EndGlobalSection
	GlobalSection(ExtensibilityGlobals) = postSolution
		SolutionGuid = {1F8FEFC8-DA18-4E4E-B66E-8F93667C4082}
	EndGlobalSection
EndGlobal
